PODS:
  - AWSCognito (2.4.11):
    - AWSCore (= 2.4.11)
  - AWSCore (2.4.11)
  - AWSDynamoDB (2.4.11):
    - AWSCore (= 2.4.11)

DEPENDENCIES:
  - AWSCognito
  - AWSDynamoDB

SPEC CHECKSUMS:
  AWSCognito: e086ad6f499e309dbf0030170cffc65a0bfd27c6
  AWSCore: e66b0f50d68f9897cc9e68471062f0cb5379eec5
  AWSDynamoDB: 1d54c63fe63c2afcd0caea5ce709d1a0b213213f

PODFILE CHECKSUM: 0ac34999c0fff163b2362f9d0159b2678f16790b

COCOAPODS: 1.1.0.rc.2
